
Microsoft Visual Studio Solution File, Format Version 11.00
# Visual Studio 2010
Project("{FAE04EC0-301F-11D3-BF4B-00C04F79EFBC}") = "T14-WinApi", "T14-WinApi.csproj", "{9C9D8E2F-A50C-468E-A70D-C5BC77D81F50}"
EndProject
Global
	GlobalSection(SolutionConfigurationPlatforms) = preSolution
		Debug|x86 = Debug|x86
		Release|x86 = Release|x86
	EndGlobalSection
	GlobalSection(ProjectConfigurationPlatforms) = postSolution
		{9C9D8E2F-A50C-468E-A70D-C5BC77D81F50}.Debug|x86.ActiveCfg = Debug|x86
		{9C9D8E2F-A50C-468E-A70D-C5BC77D81F50}.Debug|x86.Build.0 = Debug|x86
		{9C9D8E2F-A50C-468E-A70D-C5BC77D81F50}.Release|x86.ActiveCfg = Release|x86
		{9C9D8E2F-A50C-468E-A70D-C5BC77D81F50}.Release|x86.Build.0 = Release|x86
	EndGlobalSection
	GlobalSection(SolutionProperties) = preSolution
		HideSolutionNode = FALSE
	EndGlobalSection
EndGlobal
